
Microsoft Visual Studio Solution File, Format Version 12.00
# Visual Studio Version 17
VisualStudioVersion = 17.8.34408.163
MinimumVisualStudioVersion = 10.0.40219.1
Project("{FAE04EC0-301F-11D3-BF4B-00C04F79EFBC}") = "SmarterPigmentAutoselect", "SmarterPigmentAutoselect.csproj", "{436EB9F6-3316-4499-9EDA-A8E146A15CCA}"
EndProject
Global
	GlobalSection(SolutionConfigurationPlatforms) = preSolution
		Debug|Any CPU = Debug|Any CPU
		Release|Any CPU = Release|Any CPU
	EndGlobalSection
	GlobalSection(ProjectConfigurationPlatforms) = postSolution
		{436EB9F6-3316-4499-9EDA-A8E146A15CCA}.Debug|Any CPU.ActiveCfg = Debug|Any CPU
		{436EB9F6-3316-4499-9EDA-A8E146A15CCA}.Debug|Any CPU.Build.0 = Debug|Any CPU
		{436EB9F6-3316-4499-9EDA-A8E146A15CCA}.Release|Any CPU.ActiveCfg = Release|Any CPU
		{436EB9F6-3316-4499-9EDA-A8E146A15CCA}.Release|Any CPU.Build.0 = Release|Any CPU
	EndGlobalSection
	GlobalSection(SolutionProperties) = preSolution
		HideSolutionNode = FALSE
	EndGlobalSection
	GlobalSection(ExtensibilityGlobals) = postSolution
		SolutionGuid = {14E5A37F-323E-4B21-B426-BB4952E1C177}
	EndGlobalSection
EndGlobal
